
Microsoft Visual Studio Solution File, Format Version 12.00
# Visual Studio Version 17
VisualStudioVersion = 17.0.32126.317
MinimumVisualStudioVersion = 10.0.40219.1
Project("{9A19103F-16F7-4668-BE54-9A1E7A4F7556}") = "ConsoleApp", "ConsoleApp\ConsoleApp.csproj", "{F42A73E3-DD56-4D15-B469-EB10E991A50E}"
EndProject
Project("{9A19103F-16F7-4668-BE54-9A1E7A4F7556}") = "DemoTest.Core", "DemoTest.Core\DemoTest.Core.csproj", "{4A19CBD1-35FC-4E2A-9513-615E7BD38888}"
EndProject
Project("{9A19103F-16F7-4668-BE54-9A1E7A4F7556}") = "DemoTest.Core.Tests", "DemoTest.Core.Tests\DemoTest.Core.Tests.csproj", "{6ABC3350-93A9-4592-81CC-BA5E62679FBD}"
EndProject
Project("{FAE04EC0-301F-11D3-BF4B-00C04F79EFBC}") = "CRMPlugIn03142022", "CRMPlugIn03142022\CRMPlugIn03142022.csproj", "{E89CF069-0354-41F2-B292-C9370ED1DC71}"
EndProject
Global
	GlobalSection(SolutionConfigurationPlatforms) = preSolution
		Debug|Any CPU = Debug|Any CPU
		Release|Any CPU = Release|Any CPU
	EndGlobalSection
	GlobalSection(ProjectConfigurationPlatforms) = postSolution
		{F42A73E3-DD56-4D15-B469-EB10E991A50E}.Debug|Any CPU.ActiveCfg = Debug|Any CPU
		{F42A73E3-DD56-4D15-B469-EB10E991A50E}.Debug|Any CPU.Build.0 = Debug|Any CPU
		{F42A73E3-DD56-4D15-B469-EB10E991A50E}.Release|Any CPU.ActiveCfg = Release|Any CPU
		{F42A73E3-DD56-4D15-B469-EB10E991A50E}.Release|Any CPU.Build.0 = Release|Any CPU
		{4A19CBD1-35FC-4E2A-9513-615E7BD38888}.Debug|Any CPU.ActiveCfg = Debug|Any CPU
		{4A19CBD1-35FC-4E2A-9513-615E7BD38888}.Debug|Any CPU.Build.0 = Debug|Any CPU
		{4A19CBD1-35FC-4E2A-9513-615E7BD38888}.Release|Any CPU.ActiveCfg = Release|Any CPU
		{4A19CBD1-35FC-4E2A-9513-615E7BD38888}.Release|Any CPU.Build.0 = Release|Any CPU
		{6ABC3350-93A9-4592-81CC-BA5E62679FBD}.Debug|Any CPU.ActiveCfg = Debug|Any CPU
		{6ABC3350-93A9-4592-81CC-BA5E62679FBD}.Debug|Any CPU.Build.0 = Debug|Any CPU
		{6ABC3350-93A9-4592-81CC-BA5E62679FBD}.Release|Any CPU.ActiveCfg = Release|Any CPU
		{6ABC3350-93A9-4592-81CC-BA5E62679FBD}.Release|Any CPU.Build.0 = Release|Any CPU
		{E89CF069-0354-41F2-B292-C9370ED1DC71}.Debug|Any CPU.ActiveCfg = Debug|Any CPU
		{E89CF069-0354-41F2-B292-C9370ED1DC71}.Debug|Any CPU.Build.0 = Debug|Any CPU
		{E89CF069-0354-41F2-B292-C9370ED1DC71}.Release|Any CPU.ActiveCfg = Release|Any CPU
		{E89CF069-0354-41F2-B292-C9370ED1DC71}.Release|Any CPU.Build.0 = Release|Any CPU
	EndGlobalSection
	GlobalSection(SolutionProperties) = preSolution
		HideSolutionNode = FALSE
	EndGlobalSection
	GlobalSection(ExtensibilityGlobals) = postSolution
		SolutionGuid = {E6F3401E-104C-4688-AD3B-7924E16B690A}
	EndGlobalSection
EndGlobal
